
Microsoft Visual Studio Solution File, Format Version 12.00
# Visual Studio 15
VisualStudioVersion = 15.0.28307.1401
MinimumVisualStudioVersion = 10.0.40219.1
Project("{F184B08F-C81C-45F6-A57F-5ABD9991F28F}") = "PruebaGit", "PruebaGit\PruebaGit.vbproj", "{AE37826E-5FA6-4E25-9F3A-3BE74BC27F34}"
EndProject
Global
	GlobalSection(SolutionConfigurationPlatforms) = preSolution
		Debug|Any CPU = Debug|Any CPU
		Release|Any CPU = Release|Any CPU
	EndGlobalSection
	GlobalSection(ProjectConfigurationPlatforms) = postSolution
		{AE37826E-5FA6-4E25-9F3A-3BE74BC27F34}.Debug|Any CPU.ActiveCfg = Debug|Any CPU
		{AE37826E-5FA6-4E25-9F3A-3BE74BC27F34}.Debug|Any CPU.Build.0 = Debug|Any CPU
		{AE37826E-5FA6-4E25-9F3A-3BE74BC27F34}.Release|Any CPU.ActiveCfg = Release|Any CPU
		{AE37826E-5FA6-4E25-9F3A-3BE74BC27F34}.Release|Any CPU.Build.0 = Release|Any CPU
	EndGlobalSection
	GlobalSection(SolutionProperties) = preSolution
		HideSolutionNode = FALSE
	EndGlobalSection
	GlobalSection(ExtensibilityGlobals) = postSolution
		SolutionGuid = {3727E4A1-3F3A-4937-AA51-D43AC139694E}
	EndGlobalSection
EndGlobal
